# Generated by pub
# See https://dart.dev/tools/pub/glossary#lockfile
packages:
  android_content_provider:
    dependency: transitive
    description:
      name: android_content_provider
      sha256: "992552642553e25b97a9953797058f8c3476a22700f0fa0cac6fbf4dcdc17d86"
      url: "https://pub.dev"
    source: hosted
    version: "0.5.2"
  archive:
    dependency: transitive
    description:
      name: archive
      sha256: cb6a278ef2dbb298455e1a713bda08524a175630ec643a242c399c932a0a1f7d
      url: "https://pub.dev"
    source: hosted
    version: "3.6.1"
  args:
    dependency: transitive
    description:
      name: args
      sha256: "7cf60b9f0cc88203c5a190b4cd62a99feea42759a7fa695010eb5de1c0b2252a"
      url: "https://pub.dev"
    source: hosted
    version: "2.5.0"
  async:
    dependency: transitive
    description:
      name: async
      sha256: "947bfcf187f74dbc5e146c9eb9c0f10c9f8b30743e341481c1e2ed3ecc18c20c"
      url: "https://pub.dev"
    source: hosted
    version: "2.11.0"
  background_downloader:
    dependency: "direct main"
    description:
      name: background_downloader
      sha256: "3a796f29f0834b3e5698e7ac2a39e04939734395420349ff22e1ac2c73a0f73d"
      url: "https://pub.dev"
    source: hosted
    version: "9.2.1"
  base58check:
    dependency: transitive
    description:
      name: base58check
      sha256: "6c300dfc33e598d2fe26319e13f6243fea81eaf8204cb4c6b69ef20a625319a5"
      url: "https://pub.dev"
    source: hosted
    version: "2.0.0"
  bech32:
    dependency: transitive
    description:
      name: bech32
      sha256: "156cbace936f7720c79a79d16a03efad343b1ef17106716e04b8b8e39f99f7f7"
      url: "https://pub.dev"
    source: hosted
    version: "0.2.2"
  bip340:
    dependency: transitive
    description:
      name: bip340
      sha256: b7bcd70a860e605046006adaa72bc4f7453f4d31d7ba74a4ad9d5de387a0fc0b
      url: "https://pub.dev"
    source: hosted
    version: "0.3.0"
  boolean_selector:
    dependency: transitive
    description:
      name: boolean_selector
      sha256: "6cfb5af12253eaf2b368f07bacc5a80d1301a071c73360d746b7f2e32d762c66"
      url: "https://pub.dev"
    source: hosted
    version: "2.1.1"
  bot_toast:
    dependency: "direct main"
    description:
      name: bot_toast
      sha256: "6b93030a99a98335b8827ecd83021e92e885ffc61d261d3825ffdecdd17f3bdf"
      url: "https://pub.dev"
    source: hosted
    version: "4.1.3"
  cached_network_image:
    dependency: "direct main"
    description:
      name: cached_network_image
      sha256: "7c1183e361e5c8b0a0f21a28401eecdbde252441106a9816400dd4c2b2424916"
      url: "https://pub.dev"
    source: hosted
    version: "3.4.1"
  cached_network_image_platform_interface:
    dependency: transitive
    description:
      name: cached_network_image_platform_interface
      sha256: "35814b016e37fbdc91f7ae18c8caf49ba5c88501813f73ce8a07027a395e2829"
      url: "https://pub.dev"
    source: hosted
    version: "4.1.1"
  cached_network_image_web:
    dependency: transitive
    description:
      name: cached_network_image_web
      sha256: "980842f4e8e2535b8dbd3d5ca0b1f0ba66bf61d14cc3a17a9b4788a3685ba062"
      url: "https://pub.dev"
    source: hosted
    version: "1.3.1"
  characters:
    dependency: transitive
    description:
      name: characters
      sha256: f71061c654a3380576a52b451dd5532377954cf9dbd272a78fc8479606670803
      url: "https://pub.dev"
    source: hosted
    version: "1.4.0"
  checked_yaml:
    dependency: transitive
    description:
      name: checked_yaml
      sha256: feb6bed21949061731a7a75fc5d2aa727cf160b91af9a3e464c5e3a32e28b5ff
      url: "https://pub.dev"
    source: hosted
    version: "2.0.3"
  cli_util:
    dependency: transitive
    description:
      name: cli_util
      sha256: c05b7406fdabc7a49a3929d4af76bcaccbbffcbcdcf185b082e1ae07da323d19
      url: "https://pub.dev"
    source: hosted
    version: "0.4.1"
  clock:
    dependency: transitive
    description:
      name: clock
      sha256: fddb70d9b5277016c77a80201021d40a2247104d9f4aa7bab7157b7e3f05b84b
      url: "https://pub.dev"
    source: hosted
    version: "1.1.2"
  collection:
    dependency: transitive
    description:
      name: collection
      sha256: "2f5709ae4d3d59dd8f7cd309b4e023046b57d8a6c82130785d2b0e5868084e76"
      url: "https://pub.dev"
    source: hosted
    version: "1.19.1"
  convert:
    dependency: transitive
    description:
      name: convert
      sha256: "0f08b14755d163f6e2134cb58222dd25ea2a2ee8a195e53983d57c075324d592"
      url: "https://pub.dev"
    source: hosted
    version: "3.1.1"
  cookie_jar:
    dependency: transitive
    description:
      name: cookie_jar
      sha256: a6ac027d3ed6ed756bfce8f3ff60cb479e266f3b0fdabd6242b804b6765e52de
      url: "https://pub.dev"
    source: hosted
    version: "4.0.8"
  crypto:
    dependency: transitive
    description:
      name: crypto
      sha256: "1e445881f28f22d6140f181e07737b22f1e099a5e1ff94b0af2f9e4a463f4855"
      url: "https://pub.dev"
    source: hosted
    version: "3.0.6"
  cryptography:
    dependency: transitive
    description:
      name: cryptography
      sha256: d146b76d33d94548cf035233fbc2f4338c1242fa119013bead807d033fc4ae05
      url: "https://pub.dev"
    source: hosted
    version: "2.7.0"
  cryptography_flutter:
    dependency: transitive
    description:
      path: cryptography_flutter
      ref: remove_registrar
      resolved-ref: "0b7c8d6fc6f9ae7b5bcff933a1fb8ae04e9a758f"
      url: "https://github.com/haorendashu/cryptography"
    source: git
    version: "2.3.2"
  cupertino_icons:
    dependency: "direct main"
    description:
      name: cupertino_icons
      sha256: ba631d1c7f7bef6b729a622b7b752645a2d076dba9976925b8f25725a30e1ee6
      url: "https://pub.dev"
    source: hosted
    version: "1.0.8"
  dev_build:
    dependency: transitive
    description:
      name: dev_build
      sha256: f526d1fbe68875f6119ffc333f114dfe6aa93ad04439276d53968f7977cc410e
      url: "https://pub.dev"
    source: hosted
    version: "1.0.0+11"
  device_info_plus:
    dependency: transitive
    description:
      name: device_info_plus
      sha256: a7fd703482b391a87d60b6061d04dfdeab07826b96f9abd8f5ed98068acc0074
      url: "https://pub.dev"
    source: hosted
    version: "10.1.2"
  device_info_plus_platform_interface:
    dependency: transitive
    description:
      name: device_info_plus_platform_interface
      sha256: "282d3cf731045a2feb66abfe61bbc40870ae50a3ed10a4d3d217556c35c8c2ba"
      url: "https://pub.dev"
    source: hosted
    version: "7.0.1"
  dio:
    dependency: transitive
    description:
      name: dio
      sha256: d90ee57923d1828ac14e492ca49440f65477f4bb1263575900be731a3dac66a9
      url: "https://pub.dev"
    source: hosted
    version: "5.9.0"
  dio_cookie_manager:
    dependency: transitive
    description:
      name: dio_cookie_manager
      sha256: e79498b0f632897ff0c28d6e8178b4bc6e9087412401f618c31fa0904ace050d
      url: "https://pub.dev"
    source: hosted
    version: "3.1.1"
  dio_web_adapter:
    dependency: transitive
    description:
      name: dio_web_adapter
      sha256: "33259a9276d6cea88774a0000cfae0d861003497755969c92faa223108620dc8"
      url: "https://pub.dev"
    source: hosted
    version: "2.0.0"
  dylib:
    dependency: transitive
    description:
      name: dylib
      sha256: bf609b3eb6492a3309b3d1dbe8f83a4031de5535dd7686be33487051cc760bb0
      url: "https://pub.dev"
    source: hosted
    version: "0.3.3"
  fake_async:
    dependency: transitive
    description:
      name: fake_async
      sha256: "5368f224a74523e8d2e7399ea1638b37aecfca824a3cc4dfdf77bf1fa905ac44"
      url: "https://pub.dev"
    source: hosted
    version: "1.3.3"
  ffi:
    dependency: transitive
    description:
      name: ffi
      sha256: "16ed7b077ef01ad6170a3d0c57caa4a112a38d7a2ed5602e0aca9ca6f3d98da6"
      url: "https://pub.dev"
    source: hosted
    version: "2.1.3"
  file:
    dependency: transitive
    description:
      name: file
      sha256: "5fc22d7c25582e38ad9a8515372cd9a93834027aacf1801cf01164dac0ffa08c"
      url: "https://pub.dev"
    source: hosted
    version: "7.0.0"
  fixnum:
    dependency: transitive
    description:
      name: fixnum
      sha256: "25517a4deb0c03aa0f32fd12db525856438902d9c16536311e76cdc57b31d7d1"
      url: "https://pub.dev"
    source: hosted
    version: "1.1.0"
  flutter:
    dependency: "direct main"
    description: flutter
    source: sdk
    version: "0.0.0"
  flutter_cache_manager:
    dependency: "direct main"
    description:
      name: flutter_cache_manager
      sha256: "400b6592f16a4409a7f2bb929a9a7e38c72cceb8ffb99ee57bbf2cb2cecf8386"
      url: "https://pub.dev"
    source: hosted
    version: "3.4.1"
  flutter_font_icons:
    dependency: "direct main"
    description:
      name: flutter_font_icons
      sha256: d06eb0ab903d0e90a9a758de30892ea0d43221f03dad059970384e62479c787e
      url: "https://pub.dev"
    source: hosted
    version: "2.2.7"
  flutter_font_picker:
    dependency: "direct main"
    description:
      name: flutter_font_picker
      sha256: dd263326950d15f01b2e689ba7f24d1775e9c89a36cf2bebba06d28f7d681689
      url: "https://pub.dev"
    source: hosted
    version: "1.4.0"
  flutter_inappwebview:
    dependency: "direct main"
    description:
      name: flutter_inappwebview
      sha256: "80092d13d3e29b6227e25b67973c67c7210bd5e35c4b747ca908e31eb71a46d5"
      url: "https://pub.dev"
    source: hosted
    version: "6.1.5"
  flutter_inappwebview_android:
    dependency: transitive
    description:
      name: flutter_inappwebview_android
      sha256: "62557c15a5c2db5d195cb3892aab74fcaec266d7b86d59a6f0027abd672cddba"
      url: "https://pub.dev"
    source: hosted
    version: "1.1.3"
  flutter_inappwebview_internal_annotations:
    dependency: transitive
    description:
      name: flutter_inappwebview_internal_annotations
      sha256: "5f80fd30e208ddded7dbbcd0d569e7995f9f63d45ea3f548d8dd4c0b473fb4c8"
      url: "https://pub.dev"
    source: hosted
    version: "1.1.1"
  flutter_inappwebview_ios:
    dependency: transitive
    description:
      name: flutter_inappwebview_ios
      sha256: "5818cf9b26cf0cbb0f62ff50772217d41ea8d3d9cc00279c45f8aabaa1b4025d"
      url: "https://pub.dev"
    source: hosted
    version: "1.1.2"
  flutter_inappwebview_macos:
    dependency: transitive
    description:
      name: flutter_inappwebview_macos
      sha256: c1fbb86af1a3738e3541364d7d1866315ffb0468a1a77e34198c9be571287da1
      url: "https://pub.dev"
    source: hosted
    version: "1.1.2"
  flutter_inappwebview_platform_interface:
    dependency: transitive
    description:
      name: flutter_inappwebview_platform_interface
      sha256: cf5323e194096b6ede7a1ca808c3e0a078e4b33cc3f6338977d75b4024ba2500
      url: "https://pub.dev"
    source: hosted
    version: "1.3.0+1"
  flutter_inappwebview_web:
    dependency: transitive
    description:
      name: flutter_inappwebview_web
      sha256: "55f89c83b0a0d3b7893306b3bb545ba4770a4df018204917148ebb42dc14a598"
      url: "https://pub.dev"
    source: hosted
    version: "1.1.2"
  flutter_inappwebview_windows:
    dependency: transitive
    description:
      name: flutter_inappwebview_windows
      sha256: "8b4d3a46078a2cdc636c4a3d10d10f2a16882f6be607962dbfff8874d1642055"
      url: "https://pub.dev"
    source: hosted
    version: "0.6.0"
  flutter_launcher_icons:
    dependency: "direct dev"
    description:
      name: flutter_launcher_icons
      sha256: "526faf84284b86a4cb36d20a5e45147747b7563d921373d4ee0559c54fcdbcea"
      url: "https://pub.dev"
    source: hosted
    version: "0.13.1"
  flutter_libserialport:
    dependency: transitive
    description:
      path: "."
      ref: HEAD
      resolved-ref: "3d80a2612d65e0bec85a71f183b0134755ee9123"
      url: "https://github.com/haorendashu/flutter_libserialport"
    source: git
    version: "0.5.0"
  flutter_lints:
    dependency: "direct dev"
    description:
      name: flutter_lints
      sha256: "9e8c3858111da373efc5aa341de011d9bd23e2c5c5e0c62bccf32438e192d7b1"
      url: "https://pub.dev"
    source: hosted
    version: "3.0.2"
  flutter_localizations:
    dependency: "direct main"
    description: flutter
    source: sdk
    version: "0.0.0"
  flutter_nesigner_sdk:
    dependency: "direct main"
    description:
      path: "packages/flutter_nesigner_sdk"
      relative: true
    source: path
    version: "0.0.1"
  flutter_pinned_shortcut_plus:
    dependency: "direct main"
    description:
      name: flutter_pinned_shortcut_plus
      sha256: "03d5e6bf8ca157e2b478e0b38a7bf6020b6646d8050e324fc1001f717b365e7c"
      url: "https://pub.dev"
    source: hosted
    version: "0.0.2"
  flutter_secure_storage:
    dependency: "direct main"
    description:
      name: flutter_secure_storage
      sha256: "165164745e6afb5c0e3e3fcc72a012fb9e58496fb26ffb92cf22e16a821e85d0"
      url: "https://pub.dev"
    source: hosted
    version: "9.2.2"
  flutter_secure_storage_linux:
    dependency: transitive
    description:
      name: flutter_secure_storage_linux
      sha256: "4d91bfc23047422cbcd73ac684bc169859ee766482517c22172c86596bf1464b"
      url: "https://pub.dev"
    source: hosted
    version: "1.2.1"
  flutter_secure_storage_macos:
    dependency: transitive
    description:
      name: flutter_secure_storage_macos
      sha256: "1693ab11121a5f925bbea0be725abfcfbbcf36c1e29e571f84a0c0f436147a81"
      url: "https://pub.dev"
    source: hosted
    version: "3.1.2"
  flutter_secure_storage_platform_interface:
    dependency: transitive
    description:
      name: flutter_secure_storage_platform_interface
      sha256: cf91ad32ce5adef6fba4d736a542baca9daf3beac4db2d04be350b87f69ac4a8
      url: "https://pub.dev"
    source: hosted
    version: "1.1.2"
  flutter_secure_storage_web:
    dependency: transitive
    description:
      name: flutter_secure_storage_web
      sha256: f4ebff989b4f07b2656fb16b47852c0aab9fed9b4ec1c70103368337bc1886a9
      url: "https://pub.dev"
    source: hosted
    version: "1.2.1"
  flutter_secure_storage_windows:
    dependency: transitive
    description:
      name: flutter_secure_storage_windows
      sha256: b20b07cb5ed4ed74fc567b78a72936203f587eba460af1df11281c9326cd3709
      url: "https://pub.dev"
    source: hosted
    version: "3.1.2"
  flutter_slidable:
    dependency: "direct main"
    description:
      name: flutter_slidable
      sha256: a857de7ea701f276fd6a6c4c67ae885b60729a3449e42766bb0e655171042801
      url: "https://pub.dev"
    source: hosted
    version: "3.1.2"
  flutter_socks_proxy:
    dependency: transitive
    description:
      name: flutter_socks_proxy
      sha256: "5603ad90c2849d2e6f2b4ed3d337653b3a6c8fb471f535e3715254913a9206ce"
      url: "https://pub.dev"
    source: hosted
    version: "0.0.3"
  flutter_test:
    dependency: "direct dev"
    description: flutter
    source: sdk
    version: "0.0.0"
  flutter_web_plugins:
    dependency: transitive
    description: flutter
    source: sdk
    version: "0.0.0"
  google_fonts:
    dependency: "direct main"
    description:
      name: google_fonts
      sha256: b1ac0fe2832c9cc95e5e88b57d627c5e68c223b9657f4b96e1487aa9098c7b82
      url: "https://pub.dev"
    source: hosted
    version: "6.2.1"
  hex:
    dependency: transitive
    description:
      name: hex
      sha256: "4e7cd54e4b59ba026432a6be2dd9d96e4c5205725194997193bf871703b82c4a"
      url: "https://pub.dev"
    source: hosted
    version: "0.2.0"
  http:
    dependency: transitive
    description:
      name: http
      sha256: b9c29a161230ee03d3ccf545097fccd9b87a5264228c5d348202e0f0c28f9010
      url: "https://pub.dev"
    source: hosted
    version: "1.2.2"
  http_parser:
    dependency: transitive
    description:
      name: http_parser
      sha256: "2aa08ce0341cc9b354a498388e30986515406668dbcc4f7c950c3e715496693b"
      url: "https://pub.dev"
    source: hosted
    version: "4.0.2"
  image:
    dependency: transitive
    description:
      name: image
      sha256: "2237616a36c0d69aef7549ab439b833fb7f9fb9fc861af2cc9ac3eedddd69ca8"
      url: "https://pub.dev"
    source: hosted
    version: "4.2.0"
  intl:
    dependency: "direct main"
    description:
      name: intl
      sha256: "3df61194eb431efc39c4ceba583b95633a403f46c9fd341e550ce0bfa50e9aa5"
      url: "https://pub.dev"
    source: hosted
    version: "0.20.2"
  isar:
    dependency: transitive
    description:
      name: isar
      sha256: e17a9555bc7f22ff26568b8c64d019b4ffa2dc6bd4cb1c8d9b269aefd32e53ad
      url: "https://pub.isar-community.dev"
    source: hosted
    version: "3.1.8"
  isar_flutter_libs:
    dependency: transitive
    description:
      name: isar_flutter_libs
      sha256: "78710781e658ce4bff59b3f38c5b2735e899e627f4e926e1221934e77b95231a"
      url: "https://pub.isar-community.dev"
    source: hosted
    version: "3.1.8"
  js:
    dependency: transitive
    description:
      name: js
      sha256: f2c445dce49627136094980615a031419f7f3eb393237e4ecd97ac15dea343f3
      url: "https://pub.dev"
    source: hosted
    version: "0.6.7"
  json_annotation:
    dependency: transitive
    description:
      name: json_annotation
      sha256: "1ce844379ca14835a50d2f019a3099f419082cfdd231cd86a142af94dd5c6bb1"
      url: "https://pub.dev"
    source: hosted
    version: "4.9.0"
  kepler:
    dependency: transitive
    description:
      name: kepler
      sha256: "8cf9f7df525bd4e5b192d91e52f1c75832b1fefb27fb4f4a09b1412b0f4f23d0"
      url: "https://pub.dev"
    source: hosted
    version: "1.0.3"
  leak_tracker:
    dependency: transitive
    description:
      name: leak_tracker
      sha256: "8dcda04c3fc16c14f48a7bb586d4be1f0d1572731b6d81d51772ef47c02081e0"
      url: "https://pub.dev"
    source: hosted
    version: "11.0.1"
  leak_tracker_flutter_testing:
    dependency: transitive
    description:
      name: leak_tracker_flutter_testing
      sha256: "1dbc140bb5a23c75ea9c4811222756104fbcd1a27173f0c34ca01e16bea473c1"
      url: "https://pub.dev"
    source: hosted
    version: "3.0.10"
  leak_tracker_testing:
    dependency: transitive
    description:
      name: leak_tracker_testing
      sha256: "8d5a2d49f4a66b49744b23b018848400d23e54caf9463f4eb20df3eb8acb2eb1"
      url: "https://pub.dev"
    source: hosted
    version: "3.0.2"
  libserialport:
    dependency: transitive
    description:
      name: libserialport
      sha256: "392e1592def65282429832ec66fa25e9e163d3b37716b97691482e2406720727"
      url: "https://pub.dev"
    source: hosted
    version: "0.3.0+1"
  lints:
    dependency: transitive
    description:
      name: lints
      sha256: cbf8d4b858bb0134ef3ef87841abdf8d63bfc255c266b7bf6b39daa1085c4290
      url: "https://pub.dev"
    source: hosted
    version: "3.0.0"
  logging:
    dependency: transitive
    description:
      name: logging
      sha256: c8245ada5f1717ed44271ed1c26b8ce85ca3228fd2ffdb75468ab01979309d61
      url: "https://pub.dev"
    source: hosted
    version: "1.3.0"
  matcher:
    dependency: transitive
    description:
      name: matcher
      sha256: dc58c723c3c24bf8d3e2d3ad3f2f9d7bd9cf43ec6feaa64181775e60190153f2
      url: "https://pub.dev"
    source: hosted
    version: "0.12.17"
  material_color_utilities:
    dependency: transitive
    description:
      name: material_color_utilities
      sha256: f7142bb1154231d7ea5f96bc7bde4bda2a0945d2806bb11670e30b850d56bdec
      url: "https://pub.dev"
    source: hosted
    version: "0.11.1"
  meta:
    dependency: transitive
    description:
      name: meta
      sha256: e3641ec5d63ebf0d9b41bd43201a66e3fc79a65db5f61fc181f04cd27aab950c
      url: "https://pub.dev"
    source: hosted
    version: "1.16.0"
  mime:
    dependency: transitive
    description:
      name: mime
      sha256: "41a20518f0cb1256669420fdba0cd90d21561e560ac240f26ef8322e45bb7ed6"
      url: "https://pub.dev"
    source: hosted
    version: "2.0.0"
  nesigner_adapter:
    dependency: "direct main"
    description:
      path: "packages/nesigner_adapter"
      relative: true
    source: path
    version: "0.0.1"
  nested:
    dependency: transitive
    description:
      name: nested
      sha256: "03bac4c528c64c95c722ec99280375a6f2fc708eec17c7b3f07253b626cd2a20"
      url: "https://pub.dev"
    source: hosted
    version: "1.0.0"
  nostr_sdk:
    dependency: "direct main"
    description:
      path: "packages/nostr_sdk"
      relative: true
    source: path
    version: "0.0.1"
  octo_image:
    dependency: transitive
    description:
      name: octo_image
      sha256: "34faa6639a78c7e3cbe79be6f9f96535867e879748ade7d17c9b1ae7536293bd"
      url: "https://pub.dev"
    source: hosted
    version: "2.1.0"
  open_file:
    dependency: "direct main"
    description:
      name: open_file
      sha256: d17e2bddf5b278cb2ae18393d0496aa4f162142ba97d1a9e0c30d476adf99c0e
      url: "https://pub.dev"
    source: hosted
    version: "3.5.10"
  open_file_android:
    dependency: transitive
    description:
      name: open_file_android
      sha256: "58141fcaece2f453a9684509a7275f231ac0e3d6ceb9a5e6de310a7dff9084aa"
      url: "https://pub.dev"
    source: hosted
    version: "1.0.6"
  open_file_ios:
    dependency: transitive
    description:
      name: open_file_ios
      sha256: "02996f01e5f6863832068e97f8f3a5ef9b613516db6897f373b43b79849e4d07"
      url: "https://pub.dev"
    source: hosted
    version: "1.0.3"
  open_file_linux:
    dependency: transitive
    description:
      name: open_file_linux
      sha256: d189f799eecbb139c97f8bc7d303f9e720954fa4e0fa1b0b7294767e5f2d7550
      url: "https://pub.dev"
    source: hosted
    version: "0.0.5"
  open_file_mac:
    dependency: transitive
    description:
      name: open_file_mac
      sha256: "1440b1e37ceb0642208cfeb2c659c6cda27b25187a90635c9d1acb7d0584d324"
      url: "https://pub.dev"
    source: hosted
    version: "1.0.3"
  open_file_platform_interface:
    dependency: transitive
    description:
      name: open_file_platform_interface
      sha256: "101b424ca359632699a7e1213e83d025722ab668b9fd1412338221bf9b0e5757"
      url: "https://pub.dev"
    source: hosted
    version: "1.0.3"
  open_file_web:
    dependency: transitive
    description:
      name: open_file_web
      sha256: e3dbc9584856283dcb30aef5720558b90f88036360bd078e494ab80a80130c4f
      url: "https://pub.dev"
    source: hosted
    version: "0.0.4"
  open_file_windows:
    dependency: transitive
    description:
      name: open_file_windows
      sha256: d26c31ddf935a94a1a3aa43a23f4fff8a5ff4eea395fe7a8cb819cf55431c875
      url: "https://pub.dev"
    source: hosted
    version: "0.0.3"
  path:
    dependency: transitive
    description:
      name: path
      sha256: "75cca69d1490965be98c73ceaea117e8a04dd21217b37b292c9ddbec0d955bc5"
      url: "https://pub.dev"
    source: hosted
    version: "1.9.1"
  path_provider:
    dependency: "direct main"
    description:
      name: path_provider
      sha256: "50c5dd5b6e1aaf6fb3a78b33f6aa3afca52bf903a8a5298f53101fdaee55bbcd"
      url: "https://pub.dev"
    source: hosted
    version: "2.1.5"
  path_provider_android:
    dependency: transitive
    description:
      name: path_provider_android
      sha256: "6f01f8e37ec30b07bc424b4deabac37cacb1bc7e2e515ad74486039918a37eb7"
      url: "https://pub.dev"
    source: hosted
    version: "2.2.10"
  path_provider_foundation:
    dependency: transitive
    description:
      name: path_provider_foundation
      sha256: f234384a3fdd67f989b4d54a5d73ca2a6c422fa55ae694381ae0f4375cd1ea16
      url: "https://pub.dev"
    source: hosted
    version: "2.4.0"
  path_provider_linux:
    dependency: transitive
    description:
      name: path_provider_linux
      sha256: f7a1fe3a634fe7734c8d3f2766ad746ae2a2884abe22e241a8b301bf5cac3279
      url: "https://pub.dev"
    source: hosted
    version: "2.2.1"
  path_provider_platform_interface:
    dependency: transitive
    description:
      name: path_provider_platform_interface
      sha256: "88f5779f72ba699763fa3a3b06aa4bf6de76c8e5de842cf6f29e2e06476c2334"
      url: "https://pub.dev"
    source: hosted
    version: "2.1.2"
  path_provider_windows:
    dependency: transitive
    description:
      name: path_provider_windows
      sha256: bd6f00dbd873bfb70d0761682da2b3a2c2fccc2b9e84c495821639601d81afe7
      url: "https://pub.dev"
    source: hosted
    version: "2.3.0"
  petitparser:
    dependency: transitive
    description:
      name: petitparser
      sha256: c15605cd28af66339f8eb6fbe0e541bfe2d1b72d5825efc6598f3e0a31b9ad27
      url: "https://pub.dev"
    source: hosted
    version: "6.0.2"
  platform:
    dependency: transitive
    description:
      name: platform
      sha256: "9b71283fc13df574056616011fb138fd3b793ea47cc509c189a6c3fa5f8a1a65"
      url: "https://pub.dev"
    source: hosted
    version: "3.1.5"
  plugin_platform_interface:
    dependency: transitive
    description:
      name: plugin_platform_interface
      sha256: "4820fbfdb9478b1ebae27888254d445073732dae3d6ea81f0b7e06d5dedc3f02"
      url: "https://pub.dev"
    source: hosted
    version: "2.1.8"
  pointycastle:
    dependency: transitive
    description:
      name: pointycastle
      sha256: "4be0097fcf3fd3e8449e53730c631200ebc7b88016acecab2b0da2f0149222fe"
      url: "https://pub.dev"
    source: hosted
    version: "3.9.1"
  pool:
    dependency: transitive
    description:
      name: pool
      sha256: "20fe868b6314b322ea036ba325e6fc0711a22948856475e2c2b6306e8ab39c2a"
      url: "https://pub.dev"
    source: hosted
    version: "1.5.1"
  pretty_dio_logger:
    dependency: transitive
    description:
      name: pretty_dio_logger
      sha256: "36f2101299786d567869493e2f5731de61ce130faa14679473b26905a92b6407"
      url: "https://pub.dev"
    source: hosted
    version: "1.4.0"
  pretty_qr_code:
    dependency: "direct main"
    description:
      name: pretty_qr_code
      sha256: cbdb4af29da1c1fa21dd76f809646c591320ab9e435d3b0eab867492d43607d5
      url: "https://pub.dev"
    source: hosted
    version: "3.3.0"
  process_run:
    dependency: transitive
    description:
      name: process_run
      sha256: c917dfb5f7afad4c7485bc00a4df038621248fce046105020cea276d1a87c820
      url: "https://pub.dev"
    source: hosted
    version: "1.1.0"
  provider:
    dependency: "direct main"
    description:
      name: provider
      sha256: c8a055ee5ce3fd98d6fc872478b03823ffdb448699c6ebdbbc71d59b596fd48c
      url: "https://pub.dev"
    source: hosted
    version: "6.1.2"
  pub_semver:
    dependency: transitive
    description:
      name: pub_semver
      sha256: "40d3ab1bbd474c4c2328c91e3a7df8c6dd629b79ece4c4bd04bee496a224fb0c"
      url: "https://pub.dev"
    source: hosted
    version: "2.1.4"
  qr:
    dependency: transitive
    description:
      name: qr
      sha256: "5a1d2586170e172b8a8c8470bbbffd5eb0cd38a66c0d77155ea138d3af3a4445"
      url: "https://pub.dev"
    source: hosted
    version: "3.0.2"
  qr_code_scanner_plus:
    dependency: "direct main"
    description:
      name: qr_code_scanner_plus
      sha256: "39696b50d277097ee4d90d4292de36f38c66213a4f5216a06b2bdd2b63117859"
      url: "https://pub.dev"
    source: hosted
    version: "2.0.10+1"
  quick_actions:
    dependency: "direct main"
    description:
      name: quick_actions
      sha256: "2c1d9a91f3218b4e987a7e1e95ba0415b7f48a2cb3ffacc027a1e3d3c117223f"
      url: "https://pub.dev"
    source: hosted
    version: "1.0.8"
  quick_actions_android:
    dependency: transitive
    description:
      name: quick_actions_android
      sha256: "926e50d6f879287b34d21934e6c9457f0d851f554179f2a9e8136c4acd1b7062"
      url: "https://pub.dev"
    source: hosted
    version: "1.0.18"
  quick_actions_ios:
    dependency: transitive
    description:
      name: quick_actions_ios
      sha256: "402596dea62a1028960b93f7651ec22be0e2a91e4fbf92a1c62d3b95f8ff95a5"
      url: "https://pub.dev"
    source: hosted
    version: "1.1.1"
  quick_actions_platform_interface:
    dependency: transitive
    description:
      name: quick_actions_platform_interface
      sha256: "1fec7068db5122cd019e9340d3d7be5d36eab099695ef3402c7059ee058329a4"
      url: "https://pub.dev"
    source: hosted
    version: "1.1.0"
  receive_intent:
    dependency: "direct main"
    description:
      name: receive_intent
      sha256: "59afac5bcac8a0c6fc5067d03b4daeb260399cc8485256d6fe40a26640512cda"
      url: "https://pub.dev"
    source: hosted
    version: "0.2.5"
  relay_isar_db:
    dependency: transitive
    description:
      path: "packages/relay_isar_db"
      relative: true
    source: path
    version: "0.0.1"
  relay_sdk:
    dependency: "direct main"
    description:
      path: "packages/relay_sdk"
      relative: true
    source: path
    version: "0.0.1"
  rxdart:
    dependency: transitive
    description:
      name: rxdart
      sha256: "5c3004a4a8dbb94bd4bf5412a4def4acdaa12e12f269737a5751369e12d1a962"
      url: "https://pub.dev"
    source: hosted
    version: "0.28.0"
  screen_retriever:
    dependency: transitive
    description:
      name: screen_retriever
      sha256: "570dbc8e4f70bac451e0efc9c9bb19fa2d6799a11e6ef04f946d7886d2e23d0c"
      url: "https://pub.dev"
    source: hosted
    version: "0.2.0"
  screen_retriever_linux:
    dependency: transitive
    description:
      name: screen_retriever_linux
      sha256: f7f8120c92ef0784e58491ab664d01efda79a922b025ff286e29aa123ea3dd18
      url: "https://pub.dev"
    source: hosted
    version: "0.2.0"
  screen_retriever_macos:
    dependency: transitive
    description:
      name: screen_retriever_macos
      sha256: "71f956e65c97315dd661d71f828708bd97b6d358e776f1a30d5aa7d22d78a149"
      url: "https://pub.dev"
    source: hosted
    version: "0.2.0"
  screen_retriever_platform_interface:
    dependency: transitive
    description:
      name: screen_retriever_platform_interface
      sha256: ee197f4581ff0d5608587819af40490748e1e39e648d7680ecf95c05197240c0
      url: "https://pub.dev"
    source: hosted
    version: "0.2.0"
  screen_retriever_windows:
    dependency: transitive
    description:
      name: screen_retriever_windows
      sha256: "449ee257f03ca98a57288ee526a301a430a344a161f9202b4fcc38576716fe13"
      url: "https://pub.dev"
    source: hosted
    version: "0.2.0"
  searchfield:
    dependency: "direct main"
    description:
      name: searchfield
      sha256: "0e215c2a267a42c2619de6f063cdd85bdb9ba5c14f4f7b6cddf835682efcf04e"
      url: "https://pub.dev"
    source: hosted
    version: "1.3.4"
  shared_preferences:
    dependency: "direct main"
    description:
      name: shared_preferences
      sha256: "746e5369a43170c25816cc472ee016d3a66bc13fcf430c0bc41ad7b4b2922051"
      url: "https://pub.dev"
    source: hosted
    version: "2.3.2"
  shared_preferences_android:
    dependency: transitive
    description:
      name: shared_preferences_android
      sha256: a7e8467e9181cef109f601e3f65765685786c1a738a83d7fbbde377589c0d974
      url: "https://pub.dev"
    source: hosted
    version: "2.3.1"
  shared_preferences_foundation:
    dependency: transitive
    description:
      name: shared_preferences_foundation
      sha256: c4b35f6cb8f63c147312c054ce7c2254c8066745125264f0c88739c417fc9d9f
      url: "https://pub.dev"
    source: hosted
    version: "2.5.2"
  shared_preferences_linux:
    dependency: transitive
    description:
      name: shared_preferences_linux
      sha256: "580abfd40f415611503cae30adf626e6656dfb2f0cee8f465ece7b6defb40f2f"
      url: "https://pub.dev"
    source: hosted
    version: "2.4.1"
  shared_preferences_platform_interface:
    dependency: transitive
    description:
      name: shared_preferences_platform_interface
      sha256: "57cbf196c486bc2cf1f02b85784932c6094376284b3ad5779d1b1c6c6a816b80"
      url: "https://pub.dev"
    source: hosted
    version: "2.4.1"
  shared_preferences_web:
    dependency: transitive
    description:
      name: shared_preferences_web
      sha256: d2ca4132d3946fec2184261726b355836a82c33d7d5b67af32692aff18a4684e
      url: "https://pub.dev"
    source: hosted
    version: "2.4.2"
  shared_preferences_windows:
    dependency: transitive
    description:
      name: shared_preferences_windows
      sha256: "94ef0f72b2d71bc3e700e025db3710911bd51a71cefb65cc609dd0d9a982e3c1"
      url: "https://pub.dev"
    source: hosted
    version: "2.4.1"
  sky_engine:
    dependency: transitive
    description: flutter
    source: sdk
    version: "0.0.0"
  source_span:
    dependency: transitive
    description:
      name: source_span
      sha256: "53e943d4206a5e30df338fd4c6e7a077e02254531b138a15aec3bd143c1a8b3c"
      url: "https://pub.dev"
    source: hosted
    version: "1.10.0"
  sprintf:
    dependency: transitive
    description:
      name: sprintf
      sha256: "1fc9ffe69d4df602376b52949af107d8f5703b77cda567c4d7d86a0693120f23"
      url: "https://pub.dev"
    source: hosted
    version: "7.0.0"
  sqflite:
    dependency: transitive
    description:
      name: sqflite
      sha256: "2d7299468485dca85efeeadf5d38986909c5eb0cd71fd3db2c2f000e6c9454bb"
      url: "https://pub.dev"
    source: hosted
    version: "2.4.1"
  sqflite_android:
    dependency: transitive
    description:
      name: sqflite_android
      sha256: "11821baf1d1bd3d71150d9b0d4c2e22cf680858c71add2113c919ca55cf9dc56"
      url: "https://pub.dev"
    source: hosted
    version: "2.4.0-1"
  sqflite_common:
    dependency: transitive
    description:
      name: sqflite_common
      sha256: "761b9740ecbd4d3e66b8916d784e581861fd3c3553eda85e167bc49fdb68f709"
      url: "https://pub.dev"
    source: hosted
    version: "2.5.4+6"
  sqflite_common_ffi:
    dependency: transitive
    description:
      name: sqflite_common_ffi
      sha256: "883dd810b2b49e6e8c3b980df1829ef550a94e3f87deab5d864917d27ca6bf36"
      url: "https://pub.dev"
    source: hosted
    version: "2.3.4+4"
  sqflite_common_ffi_web:
    dependency: transitive
    description:
      name: sqflite_common_ffi_web
      sha256: "61ea702e7aba727f28be7ead00b84c19c745cd4a4934d0c41473303df11ac9ea"
      url: "https://pub.dev"
    source: hosted
    version: "0.4.5+4"
  sqflite_darwin:
    dependency: transitive
    description:
      name: sqflite_darwin
      sha256: "22adfd9a2c7d634041e96d6241e6e1c8138ca6817018afc5d443fef91dcefa9c"
      url: "https://pub.dev"
    source: hosted
    version: "2.4.1+1"
  sqflite_platform_interface:
    dependency: transitive
    description:
      name: sqflite_platform_interface
      sha256: b62ab81e1284341783222aefbbb44f984ebf4663d672ae10408c9a8ddab4bfb6
      url: "https://pub.dev"
    source: hosted
    version: "2.4.0-0"
  sqlite3:
    dependency: transitive
    description:
      name: sqlite3
      sha256: "45f168ae2213201b54e09429ed0c593dc2c88c924a1488d6f9c523a255d567cb"
      url: "https://pub.dev"
    source: hosted
    version: "2.4.6"
  stack_trace:
    dependency: transitive
    description:
      name: stack_trace
      sha256: "8b27215b45d22309b5cddda1aa2b19bdfec9df0e765f2de506401c071d38d1b1"
      url: "https://pub.dev"
    source: hosted
    version: "1.12.1"
  stream_channel:
    dependency: transitive
    description:
      name: stream_channel
      sha256: "969e04c80b8bcdf826f8f16579c7b14d780458bd97f56d107d3950fdbeef059d"
      url: "https://pub.dev"
    source: hosted
    version: "2.1.4"
  string_scanner:
    dependency: transitive
    description:
      name: string_scanner
      sha256: "688af5ed3402a4bde5b3a6c15fd768dbf2621a614950b17f04626c431ab3c4c3"
      url: "https://pub.dev"
    source: hosted
    version: "1.3.0"
  string_validator:
    dependency: transitive
    description:
      name: string_validator
      sha256: a278d038104aa2df15d0e09c47cb39a49f907260732067d0034dc2f2e4e2ac94
      url: "https://pub.dev"
    source: hosted
    version: "1.1.0"
  synchronized:
    dependency: transitive
    description:
      name: synchronized
      sha256: "69fe30f3a8b04a0be0c15ae6490fc859a78ef4c43ae2dd5e8a623d45bfcf9225"
      url: "https://pub.dev"
    source: hosted
    version: "3.3.0+3"
  term_glyph:
    dependency: transitive
    description:
      name: term_glyph
      sha256: a29248a84fbb7c79282b40b8c72a1209db169a2e0542bce341da992fe1bc7e84
      url: "https://pub.dev"
    source: hosted
    version: "1.2.1"
  test_api:
    dependency: transitive
    description:
      name: test_api
      sha256: "522f00f556e73044315fa4585ec3270f1808a4b186c936e612cab0b565ff1e00"
      url: "https://pub.dev"
    source: hosted
    version: "0.7.6"
  typed_data:
    dependency: transitive
    description:
      name: typed_data
      sha256: facc8d6582f16042dd49f2463ff1bd6e2c9ef9f3d5da3d9b087e244a7b564b3c
      url: "https://pub.dev"
    source: hosted
    version: "1.3.2"
  universal_io:
    dependency: transitive
    description:
      name: universal_io
      sha256: "1722b2dcc462b4b2f3ee7d188dad008b6eb4c40bbd03a3de451d82c78bba9aad"
      url: "https://pub.dev"
    source: hosted
    version: "2.2.2"
  usb_serial:
    dependency: transitive
    description:
      name: usb_serial
      sha256: a605a600e34e7f28d4e80851ca3999ef747e42e406138887b8a88b8c382a8b07
      url: "https://pub.dev"
    source: hosted
    version: "0.5.2"
  uuid:
    dependency: transitive
    description:
      name: uuid
      sha256: "83d37c7ad7aaf9aa8e275490669535c8080377cfa7a7004c24dfac53afffaa90"
      url: "https://pub.dev"
    source: hosted
    version: "4.4.2"
  vector_math:
    dependency: transitive
    description:
      name: vector_math
      sha256: d530bd74fea330e6e364cda7a85019c434070188383e1cd8d9777ee586914c5b
      url: "https://pub.dev"
    source: hosted
    version: "2.2.0"
  vm_service:
    dependency: transitive
    description:
      name: vm_service
      sha256: f6be3ed8bd01289b34d679c2b62226f63c0e69f9fd2e50a6b3c1c729a961041b
      url: "https://pub.dev"
    source: hosted
    version: "14.3.0"
  web:
    dependency: transitive
    description:
      name: web
      sha256: "868d88a33d8a87b18ffc05f9f030ba328ffefba92d6c127917a2ba740f9cfe4a"
      url: "https://pub.dev"
    source: hosted
    version: "1.1.1"
  web_socket:
    dependency: transitive
    description:
      name: web_socket
      sha256: "3c12d96c0c9a4eec095246debcea7b86c0324f22df69893d538fcc6f1b8cce83"
      url: "https://pub.dev"
    source: hosted
    version: "0.1.6"
  web_socket_channel:
    dependency: transitive
    description:
      name: web_socket_channel
      sha256: d645757fb0f4773d602444000a8131ff5d48c9e47adfe9772652dd1a4f2d45c8
      url: "https://pub.dev"
    source: hosted
    version: "3.0.3"
  win32:
    dependency: transitive
    description:
      name: win32
      sha256: "68d1e89a91ed61ad9c370f9f8b6effed9ae5e0ede22a270bdfa6daf79fc2290a"
      url: "https://pub.dev"
    source: hosted
    version: "5.5.4"
  win32_registry:
    dependency: transitive
    description:
      name: win32_registry
      sha256: "723b7f851e5724c55409bb3d5a32b203b3afe8587eaf5dafb93a5fed8ecda0d6"
      url: "https://pub.dev"
    source: hosted
    version: "1.1.4"
  window_manager:
    dependency: "direct main"
    description:
      name: window_manager
      sha256: "732896e1416297c63c9e3fb95aea72d0355f61390263982a47fd519169dc5059"
      url: "https://pub.dev"
    source: hosted
    version: "0.4.3"
  xdg_directories:
    dependency: transitive
    description:
      name: xdg_directories
      sha256: faea9dee56b520b55a566385b84f2e8de55e7496104adada9962e0bd11bcff1d
      url: "https://pub.dev"
    source: hosted
    version: "1.0.4"
  xml:
    dependency: transitive
    description:
      name: xml
      sha256: b015a8ad1c488f66851d762d3090a21c600e479dc75e68328c52774040cf9226
      url: "https://pub.dev"
    source: hosted
    version: "6.5.0"
  yaml:
    dependency: transitive
    description:
      name: yaml
      sha256: "75769501ea3489fca56601ff33454fe45507ea3bfb014161abc3b43ae25989d5"
      url: "https://pub.dev"
    source: hosted
    version: "3.1.2"
sdks:
  dart: ">=3.8.0-0 <4.0.0"
  flutter: ">=3.27.0"
