PODS:
  - background_downloader (0.0.1):
    - Flutter
  - cryptography_flutter (0.2.0):
    - Flutter
  - device_info_plus (0.0.1):
    - Flutter
  - Flutter (1.0.0)
  - flutter_inappwebview_ios (0.0.1):
    - Flutter
    - flutter_inappwebview_ios/Core (= 0.0.1)
    - OrderedSet (~> 6.0.3)
  - flutter_inappwebview_ios/Core (0.0.1):
    - Flutter
    - OrderedSet (~> 6.0.3)
  - flutter_nesigner_sdk (0.0.1):
    - Flutter
  - flutter_secure_storage (6.0.0):
    - Flutter
  - isar_flutter_libs (1.0.0):
    - Flutter
  - MTBBarcodeScanner (5.0.11)
  - nesigner_adapter (0.0.1):
    - Flutter
  - open_file_ios (0.0.1):
    - Flutter
  - OrderedSet (6.0.3)
  - path_provider_foundation (0.0.1):
    - Flutter
    - FlutterMacOS
  - qr_code_scanner_plus (0.2.6):
    - Flutter
    - MTBBarcodeScanner
  - quick_actions_ios (0.0.1):
    - Flutter
  - shared_preferences_foundation (0.0.1):
    - Flutter
    - FlutterMacOS
  - sqflite_darwin (0.0.4):
    - Flutter
    - FlutterMacOS

DEPENDENCIES:
  - background_downloader (from `.symlinks/plugins/background_downloader/ios`)
  - cryptography_flutter (from `.symlinks/plugins/cryptography_flutter/ios`)
  - device_info_plus (from `.symlinks/plugins/device_info_plus/ios`)
  - Flutter (from `Flutter`)
  - flutter_inappwebview_ios (from `.symlinks/plugins/flutter_inappwebview_ios/ios`)
  - flutter_nesigner_sdk (from `.symlinks/plugins/flutter_nesigner_sdk/ios`)
  - flutter_secure_storage (from `.symlinks/plugins/flutter_secure_storage/ios`)
  - isar_flutter_libs (from `.symlinks/plugins/isar_flutter_libs/ios`)
  - nesigner_adapter (from `.symlinks/plugins/nesigner_adapter/ios`)
  - open_file_ios (from `.symlinks/plugins/open_file_ios/ios`)
  - path_provider_foundation (from `.symlinks/plugins/path_provider_foundation/darwin`)
  - qr_code_scanner_plus (from `.symlinks/plugins/qr_code_scanner_plus/ios`)
  - quick_actions_ios (from `.symlinks/plugins/quick_actions_ios/ios`)
  - shared_preferences_foundation (from `.symlinks/plugins/shared_preferences_foundation/darwin`)
  - sqflite_darwin (from `.symlinks/plugins/sqflite_darwin/darwin`)

SPEC REPOS:
  trunk:
    - MTBBarcodeScanner
    - OrderedSet

EXTERNAL SOURCES:
  background_downloader:
    :path: ".symlinks/plugins/background_downloader/ios"
  cryptography_flutter:
    :path: ".symlinks/plugins/cryptography_flutter/ios"
  device_info_plus:
    :path: ".symlinks/plugins/device_info_plus/ios"
  Flutter:
    :path: Flutter
  flutter_inappwebview_ios:
    :path: ".symlinks/plugins/flutter_inappwebview_ios/ios"
  flutter_nesigner_sdk:
    :path: ".symlinks/plugins/flutter_nesigner_sdk/ios"
  flutter_secure_storage:
    :path: ".symlinks/plugins/flutter_secure_storage/ios"
  isar_flutter_libs:
    :path: ".symlinks/plugins/isar_flutter_libs/ios"
  nesigner_adapter:
    :path: ".symlinks/plugins/nesigner_adapter/ios"
  open_file_ios:
    :path: ".symlinks/plugins/open_file_ios/ios"
  path_provider_foundation:
    :path: ".symlinks/plugins/path_provider_foundation/darwin"
  qr_code_scanner_plus:
    :path: ".symlinks/plugins/qr_code_scanner_plus/ios"
  quick_actions_ios:
    :path: ".symlinks/plugins/quick_actions_ios/ios"
  shared_preferences_foundation:
    :path: ".symlinks/plugins/shared_preferences_foundation/darwin"
  sqflite_darwin:
    :path: ".symlinks/plugins/sqflite_darwin/darwin"

SPEC CHECKSUMS:
  background_downloader: 50e91d979067b82081aba359d7d916b3ba5fadad
  cryptography_flutter: 70166b3780db39960caf51fd90fe308bec22d3f1
  device_info_plus: 71ffc6ab7634ade6267c7a93088ed7e4f74e5896
  Flutter: e0871f40cf51350855a761d2e70bf5af5b9b5de7
  flutter_inappwebview_ios: b89ba3482b96fb25e00c967aae065701b66e9b99
  flutter_nesigner_sdk: dc71aa8bc67e6955b77a470bdd40938c460383b3
  flutter_secure_storage: 1ed9476fba7e7a782b22888f956cce43e2c62f13
  isar_flutter_libs: bc909e72c3d756c2759f14c8776c13b5b0556e26
  MTBBarcodeScanner: f453b33c4b7dfe545d8c6484ed744d55671788cb
  nesigner_adapter: 58039ceb826b863ae3bb5bb97fa2375b4babead2
  open_file_ios: 5ff7526df64e4394b4fe207636b67a95e83078bb
  OrderedSet: e539b66b644ff081c73a262d24ad552a69be3a94
  path_provider_foundation: 080d55be775b7414fd5a5ef3ac137b97b097e564
  qr_code_scanner_plus: 7e087021bc69873140e0754750eb87d867bed755
  quick_actions_ios: 4b07fb49d8d8f3518d7565fbb7a91014067a7d82
  shared_preferences_foundation: 9e1978ff2562383bd5676f64ec4e9aa8fa06a6f7
  sqflite_darwin: 20b2a3a3b70e43edae938624ce550a3cbf66a3d0

PODFILE CHECKSUM: 1959d098c91d8a792531a723c4a9d7e9f6a01e38

COCOAPODS: 1.16.2
